
Microsoft Visual Studio Solution File, Format Version 12.00
# Visual Studio Version 16
VisualStudioVersion = 16.0.30320.27
MinimumVisualStudioVersion = 10.0.40219.1
Project("{FAE04EC0-301F-11D3-BF4B-00C04F79EFBC}") = "File_Management", "File_Management.csproj", "{3C7E8E7A-5FEE-4E53-9044-C92FED80EBFA}"
EndProject
Global
	GlobalSection(SolutionConfigurationPlatforms) = preSolution
		Debug|Any CPU = Debug|Any CPU
		Release|Any CPU = Release|Any CPU
	EndGlobalSection
	GlobalSection(ProjectConfigurationPlatforms) = postSolution
		{3C7E8E7A-5FEE-4E53-9044-C92FED80EBFA}.Debug|Any CPU.ActiveCfg = Debug|Any CPU
		{3C7E8E7A-5FEE-4E53-9044-C92FED80EBFA}.Debug|Any CPU.Build.0 = Debug|Any CPU
		{3C7E8E7A-5FEE-4E53-9044-C92FED80EBFA}.Release|Any CPU.ActiveCfg = Release|Any CPU
		{3C7E8E7A-5FEE-4E53-9044-C92FED80EBFA}.Release|Any CPU.Build.0 = Release|Any CPU
	EndGlobalSection
	GlobalSection(SolutionProperties) = preSolution
		HideSolutionNode = FALSE
	EndGlobalSection
	GlobalSection(ExtensibilityGlobals) = postSolution
		SolutionGuid = {2A757B59-8519-419D-AA59-C3201062D700}
	EndGlobalSection
EndGlobal
